
Microsoft Visual Studio Solution File, Format Version 12.00
# Visual Studio Version 17
VisualStudioVersion = 17.6.33815.320
MinimumVisualStudioVersion = 10.0.40219.1
Project("{FAE04EC0-301F-11D3-BF4B-00C04F79EFBC}") = "Queuesrunapp5", "Queuesrunapp5\Queuesrunapp5.csproj", "{36CDE608-3AF6-4A03-9E1F-2AB9C32C2DCD}"
EndProject
Global
	GlobalSection(SolutionConfigurationPlatforms) = preSolution
		Debug|Any CPU = Debug|Any CPU
		Release|Any CPU = Release|Any CPU
	EndGlobalSection
	GlobalSection(ProjectConfigurationPlatforms) = postSolution
		{36CDE608-3AF6-4A03-9E1F-2AB9C32C2DCD}.Debug|Any CPU.ActiveCfg = Debug|Any CPU
		{36CDE608-3AF6-4A03-9E1F-2AB9C32C2DCD}.Debug|Any CPU.Build.0 = Debug|Any CPU
		{36CDE608-3AF6-4A03-9E1F-2AB9C32C2DCD}.Release|Any CPU.ActiveCfg = Release|Any CPU
		{36CDE608-3AF6-4A03-9E1F-2AB9C32C2DCD}.Release|Any CPU.Build.0 = Release|Any CPU
	EndGlobalSection
	GlobalSection(SolutionProperties) = preSolution
		HideSolutionNode = FALSE
	EndGlobalSection
	GlobalSection(ExtensibilityGlobals) = postSolution
		SolutionGuid = {1D9A219A-ACAD-43EA-B8DB-2D50EFB94318}
	EndGlobalSection
EndGlobal
