
Microsoft Visual Studio Solution File, Format Version 12.00
# Visual Studio Version 17
VisualStudioVersion = 17.6.33815.320
MinimumVisualStudioVersion = 10.0.40219.1
Project("{FAE04EC0-301F-11D3-BF4B-00C04F79EFBC}") = "Quickrunapp14", "Quickrunapp14\Quickrunapp14.csproj", "{299EB705-6B91-4E67-9FE8-F787C87B3CBE}"
EndProject
Global
	GlobalSection(SolutionConfigurationPlatforms) = preSolution
		Debug|Any CPU = Debug|Any CPU
		Release|Any CPU = Release|Any CPU
	EndGlobalSection
	GlobalSection(ProjectConfigurationPlatforms) = postSolution
		{299EB705-6B91-4E67-9FE8-F787C87B3CBE}.Debug|Any CPU.ActiveCfg = Debug|Any CPU
		{299EB705-6B91-4E67-9FE8-F787C87B3CBE}.Debug|Any CPU.Build.0 = Debug|Any CPU
		{299EB705-6B91-4E67-9FE8-F787C87B3CBE}.Release|Any CPU.ActiveCfg = Release|Any CPU
		{299EB705-6B91-4E67-9FE8-F787C87B3CBE}.Release|Any CPU.Build.0 = Release|Any CPU
	EndGlobalSection
	GlobalSection(SolutionProperties) = preSolution
		HideSolutionNode = FALSE
	EndGlobalSection
	GlobalSection(ExtensibilityGlobals) = postSolution
		SolutionGuid = {C78F113C-F09A-46F0-8B07-D832E49F784D}
	EndGlobalSection
EndGlobal
