
Microsoft Visual Studio Solution File, Format Version 12.00
# Visual Studio Version 17
VisualStudioVersion = 17.6.33815.320
MinimumVisualStudioVersion = 10.0.40219.1
Project("{FAE04EC0-301F-11D3-BF4B-00C04F79EFBC}") = "Linearrunapp6", "Linearrunapp6\Linearrunapp6.csproj", "{DF948E66-F684-459C-852D-D109FB1876F5}"
EndProject
Global
	GlobalSection(SolutionConfigurationPlatforms) = preSolution
		Debug|Any CPU = Debug|Any CPU
		Release|Any CPU = Release|Any CPU
	EndGlobalSection
	GlobalSection(ProjectConfigurationPlatforms) = postSolution
		{DF948E66-F684-459C-852D-D109FB1876F5}.Debug|Any CPU.ActiveCfg = Debug|Any CPU
		{DF948E66-F684-459C-852D-D109FB1876F5}.Debug|Any CPU.Build.0 = Debug|Any CPU
		{DF948E66-F684-459C-852D-D109FB1876F5}.Release|Any CPU.ActiveCfg = Release|Any CPU
		{DF948E66-F684-459C-852D-D109FB1876F5}.Release|Any CPU.Build.0 = Release|Any CPU
	EndGlobalSection
	GlobalSection(SolutionProperties) = preSolution
		HideSolutionNode = FALSE
	EndGlobalSection
	GlobalSection(ExtensibilityGlobals) = postSolution
		SolutionGuid = {2DC44086-FF37-451E-B3E0-175A13161436}
	EndGlobalSection
EndGlobal
